{
  "version": 4,
  "terraform_version": "1.12.2",
  "serial": 6,
  "lineage": "3828b0e4-7e9d-a52e-1d8a-fcbdd927c0fe",
  "outputs": {},
  "resources": [
    {
      "mode": "managed",
      "type": "local_file",
      "name": "test_file",
      "provider": "provider[\"registry.terraform.io/hashicorp/local\"]",
      "instances": [
        {
          "schema_version": 0,
          "attributes": {
            "content": "Hello depuis Terraform !​🚀​",
            "content_base64": null,
            "content_base64sha256": "tU6mOfDL+hyhSXMe7s8en7XHL8NlfW3oBvNmHO5n1I8=",
            "content_base64sha512": "Vbd44Ud31LkaOnWIesg2I2Da5SZzWBaa7eF53mtlPRgb2tgzk8GPeh+Cx//eecoApqfE3QeojrSIjbEyfmSdag==",
            "content_md5": "5e74d08d3773195d9521534d8efeb3eb",
            "content_sha1": "dda037727e2acf0f9d9f28e815b3f8be21cd4842",
            "content_sha256": "b54ea639f0cbfa1ca149731eeecf1e9fb5c72fc3657d6de806f3661cee67d48f",
            "content_sha512": "55b778e14777d4b91a3a75887ac8362360dae5267358169aede179de6b653d181bdad83393c18f7a1f82c7ffde79ca00a6a7c4dd07a88eb4888db1327e649d6a",
            "directory_permission": "0777",
            "file_permission": "0777",
            "filename": "./hello.txt",
            "id": "dda037727e2acf0f9d9f28e815b3f8be21cd4842",
            "sensitive_content": null,
            "source": null
          },
          "sensitive_attributes": [
            [
              {
                "type": "get_attr",
                "value": "sensitive_content"
              }
            ]
          ],
          "identity_schema_version": 0
        }
      ]
    },
    {
      "mode": "managed",
      "type": "null_resource",
      "name": "example",
      "provider": "provider[\"registry.terraform.io/hashicorp/null\"]",
      "instances": [
        {
          "schema_version": 0,
          "attributes": {
            "id": "1039963103",
            "triggers": null
          },
          "sensitive_attributes": [],
          "identity_schema_version": 0
        }
      ]
    }
  ],
  "check_results": null
}
