{
  "version": 4,
  "terraform_version": "1.12.2",
  "serial": 68,
  "lineage": "15ee6410-5e36-2a45-0299-d356fda0b3b5",
  "outputs": {
    "nginx_container_id": {
      "value": "f6e2232b1d245feb9144052f5db59de67c927bfc2100bb231d31a0a5e9098a79",
      "type": "string"
    }
  },
  "resources": [
    {
      "mode": "data",
      "type": "http",
      "name": "nginx",
      "provider": "provider[\"registry.terraform.io/hashicorp/http\"]",
      "instances": [
        {
          "schema_version": 0,
          "attributes": {
            "body": "\u003c!DOCTYPE html\u003e\n\u003chtml\u003e\n\u003chead\u003e\n\u003ctitle\u003eWelcome to nginx!\u003c/title\u003e\n\u003cstyle\u003e\nhtml { color-scheme: light dark; }\nbody { width: 35em; margin: 0 auto;\nfont-family: Tahoma, Verdana, Arial, sans-serif; }\n\u003c/style\u003e\n\u003c/head\u003e\n\u003cbody\u003e\n\u003ch1\u003eWelcome to nginx!\u003c/h1\u003e\n\u003cp\u003eIf you see this page, the nginx web server is successfully installed and\nworking. Further configuration is required.\u003c/p\u003e\n\n\u003cp\u003eFor online documentation and support please refer to\n\u003ca href=\"http://nginx.org/\"\u003enginx.org\u003c/a\u003e.\u003cbr/\u003e\nCommercial support is available at\n\u003ca href=\"http://nginx.com/\"\u003enginx.com\u003c/a\u003e.\u003c/p\u003e\n\n\u003cp\u003e\u003cem\u003eThank you for using nginx.\u003c/em\u003e\u003c/p\u003e\n\u003c/body\u003e\n\u003c/html\u003e\n",
            "ca_cert_pem": null,
            "client_cert_pem": null,
            "client_key_pem": null,
            "id": "http://localhost:8080",
            "insecure": null,
            "method": null,
            "request_body": null,
            "request_headers": null,
            "request_timeout_ms": null,
            "response_body": "\u003c!DOCTYPE html\u003e\n\u003chtml\u003e\n\u003chead\u003e\n\u003ctitle\u003eWelcome to nginx!\u003c/title\u003e\n\u003cstyle\u003e\nhtml { color-scheme: light dark; }\nbody { width: 35em; margin: 0 auto;\nfont-family: Tahoma, Verdana, Arial, sans-serif; }\n\u003c/style\u003e\n\u003c/head\u003e\n\u003cbody\u003e\n\u003ch1\u003eWelcome to nginx!\u003c/h1\u003e\n\u003cp\u003eIf you see this page, the nginx web server is successfully installed and\nworking. Further configuration is required.\u003c/p\u003e\n\n\u003cp\u003eFor online documentation and support please refer to\n\u003ca href=\"http://nginx.org/\"\u003enginx.org\u003c/a\u003e.\u003cbr/\u003e\nCommercial support is available at\n\u003ca href=\"http://nginx.com/\"\u003enginx.com\u003c/a\u003e.\u003c/p\u003e\n\n\u003cp\u003e\u003cem\u003eThank you for using nginx.\u003c/em\u003e\u003c/p\u003e\n\u003c/body\u003e\n\u003c/html\u003e\n",
            "response_body_base64": "PCFET0NUWVBFIGh0bWw+CjxodG1sPgo8aGVhZD4KPHRpdGxlPldlbGNvbWUgdG8gbmdpbnghPC90aXRsZT4KPHN0eWxlPgpodG1sIHsgY29sb3Itc2NoZW1lOiBsaWdodCBkYXJrOyB9CmJvZHkgeyB3aWR0aDogMzVlbTsgbWFyZ2luOiAwIGF1dG87CmZvbnQtZmFtaWx5OiBUYWhvbWEsIFZlcmRhbmEsIEFyaWFsLCBzYW5zLXNlcmlmOyB9Cjwvc3R5bGU+CjwvaGVhZD4KPGJvZHk+CjxoMT5XZWxjb21lIHRvIG5naW54ITwvaDE+CjxwPklmIHlvdSBzZWUgdGhpcyBwYWdlLCB0aGUgbmdpbnggd2ViIHNlcnZlciBpcyBzdWNjZXNzZnVsbHkgaW5zdGFsbGVkIGFuZAp3b3JraW5nLiBGdXJ0aGVyIGNvbmZpZ3VyYXRpb24gaXMgcmVxdWlyZWQuPC9wPgoKPHA+Rm9yIG9ubGluZSBkb2N1bWVudGF0aW9uIGFuZCBzdXBwb3J0IHBsZWFzZSByZWZlciB0bwo8YSBocmVmPSJodHRwOi8vbmdpbngub3JnLyI+bmdpbngub3JnPC9hPi48YnIvPgpDb21tZXJjaWFsIHN1cHBvcnQgaXMgYXZhaWxhYmxlIGF0CjxhIGhyZWY9Imh0dHA6Ly9uZ2lueC5jb20vIj5uZ2lueC5jb208L2E+LjwvcD4KCjxwPjxlbT5UaGFuayB5b3UgZm9yIHVzaW5nIG5naW54LjwvZW0+PC9wPgo8L2JvZHk+CjwvaHRtbD4K",
            "response_headers": {
              "Accept-Ranges": "bytes",
              "Connection": "keep-alive",
              "Content-Length": "615",
              "Content-Type": "text/html",
              "Date": "Mon, 23 Jun 2025 11:50:39 GMT",
              "Etag": "\"67ff9c07-267\"",
              "Last-Modified": "Wed, 16 Apr 2025 12:01:11 GMT",
              "Server": "nginx/1.27.5"
            },
            "retry": null,
            "status_code": 200,
            "url": "http://localhost:8080"
          },
          "sensitive_attributes": [],
          "identity_schema_version": 0
        }
      ]
    },
    {
      "mode": "managed",
      "type": "docker_container",
      "name": "client",
      "provider": "provider[\"registry.terraform.io/kreuzwerker/docker\"]",
      "instances": [
        {
          "index_key": 0,
          "schema_version": 2,
          "attributes": {
            "attach": false,
            "bridge": "",
            "capabilities": [],
            "cgroupns_mode": null,
            "command": [
              "/bin/sh",
              "-c",
              "curl -s http://nginx-terraform:80 \u0026\u0026 echo 'Nginx is reachable' || echo 'Nginx is not reachable'; sleep 15"
            ],
            "container_logs": null,
            "container_read_refresh_timeout_milliseconds": 15000,
            "cpu_set": "",
            "cpu_shares": 0,
            "cpus": null,
            "destroy_grace_seconds": null,
            "devices": [],
            "dns": null,
            "dns_opts": null,
            "dns_search": null,
            "domainname": "",
            "entrypoint": [
              "/entrypoint.sh"
            ],
            "env": [],
            "exit_code": null,
            "gpus": null,
            "group_add": null,
            "healthcheck": null,
            "host": [],
            "hostname": "dd69482707a6",
            "id": "dd69482707a654b02f9551906a67ad7bac8f20b1ce29f06daffd503ce907c32b",
            "image": "appropriate/curl",
            "init": false,
            "ipc_mode": "private",
            "labels": [],
            "log_driver": "json-file",
            "log_opts": null,
            "logs": false,
            "max_retry_count": 0,
            "memory": 0,
            "memory_swap": 0,
            "mounts": [],
            "must_run": true,
            "name": "client-1",
            "network_data": [
              {
                "gateway": "172.24.0.1",
                "global_ipv6_address": "",
                "global_ipv6_prefix_length": 0,
                "ip_address": "172.24.0.4",
                "ip_prefix_length": 16,
                "ipv6_gateway": "",
                "mac_address": "9e:21:6f:2a:51:9f",
                "network_name": "my_network"
              }
            ],
            "network_mode": "bridge",
            "networks_advanced": [
              {
                "aliases": [],
                "ipv4_address": "",
                "ipv6_address": "",
                "name": "my_network"
              }
            ],
            "pid_mode": "",
            "ports": [
              {
                "external": 32773,
                "internal": 80,
                "ip": "0.0.0.0",
                "protocol": "tcp"
              }
            ],
            "privileged": false,
            "publish_all_ports": false,
            "read_only": false,
            "remove_volumes": true,
            "restart": "no",
            "rm": false,
            "runtime": "runc",
            "security_opts": [],
            "shm_size": 64,
            "start": true,
            "stdin_open": false,
            "stop_signal": "",
            "stop_timeout": 0,
            "storage_opts": null,
            "sysctls": null,
            "tmpfs": null,
            "tty": false,
            "ulimit": [],
            "upload": [],
            "user": "",
            "userns_mode": "",
            "volumes": [],
            "wait": false,
            "wait_timeout": 60,
            "working_dir": ""
          },
          "sensitive_attributes": [],
          "identity_schema_version": 0,
          "private": "eyJzY2hlbWFfdmVyc2lvbiI6IjIifQ==",
          "dependencies": [
            "docker_container.nginx",
            "docker_image.client",
            "docker_image.nginx",
            "docker_network.private_network"
          ]
        },
        {
          "index_key": 1,
          "schema_version": 2,
          "attributes": {
            "attach": false,
            "bridge": "",
            "capabilities": [],
            "cgroupns_mode": null,
            "command": [
              "/bin/sh",
              "-c",
              "curl -s http://nginx-terraform:80 \u0026\u0026 echo 'Nginx is reachable' || echo 'Nginx is not reachable'; sleep 15"
            ],
            "container_logs": null,
            "container_read_refresh_timeout_milliseconds": 15000,
            "cpu_set": "",
            "cpu_shares": 0,
            "cpus": null,
            "destroy_grace_seconds": null,
            "devices": [],
            "dns": null,
            "dns_opts": null,
            "dns_search": null,
            "domainname": "",
            "entrypoint": [
              "/entrypoint.sh"
            ],
            "env": [],
            "exit_code": null,
            "gpus": null,
            "group_add": null,
            "healthcheck": null,
            "host": [],
            "hostname": "8a94d890a1dd",
            "id": "8a94d890a1dddb29a13b69eda940701b7ffc9cee67f6abe84dd7486ec996a5e4",
            "image": "appropriate/curl",
            "init": false,
            "ipc_mode": "private",
            "labels": [],
            "log_driver": "json-file",
            "log_opts": null,
            "logs": false,
            "max_retry_count": 0,
            "memory": 0,
            "memory_swap": 0,
            "mounts": [],
            "must_run": true,
            "name": "client-2",
            "network_data": [
              {
                "gateway": "172.24.0.1",
                "global_ipv6_address": "",
                "global_ipv6_prefix_length": 0,
                "ip_address": "172.24.0.5",
                "ip_prefix_length": 16,
                "ipv6_gateway": "",
                "mac_address": "aa:7a:2a:ce:a1:a2",
                "network_name": "my_network"
              }
            ],
            "network_mode": "bridge",
            "networks_advanced": [
              {
                "aliases": [],
                "ipv4_address": "",
                "ipv6_address": "",
                "name": "my_network"
              }
            ],
            "pid_mode": "",
            "ports": [
              {
                "external": 32772,
                "internal": 80,
                "ip": "0.0.0.0",
                "protocol": "tcp"
              }
            ],
            "privileged": false,
            "publish_all_ports": false,
            "read_only": false,
            "remove_volumes": true,
            "restart": "no",
            "rm": false,
            "runtime": "runc",
            "security_opts": [],
            "shm_size": 64,
            "start": true,
            "stdin_open": false,
            "stop_signal": "",
            "stop_timeout": 0,
            "storage_opts": null,
            "sysctls": null,
            "tmpfs": null,
            "tty": false,
            "ulimit": [],
            "upload": [],
            "user": "",
            "userns_mode": "",
            "volumes": [],
            "wait": false,
            "wait_timeout": 60,
            "working_dir": ""
          },
          "sensitive_attributes": [],
          "identity_schema_version": 0,
          "private": "eyJzY2hlbWFfdmVyc2lvbiI6IjIifQ==",
          "dependencies": [
            "docker_container.nginx",
            "docker_image.client",
            "docker_image.nginx",
            "docker_network.private_network"
          ]
        },
        {
          "index_key": 2,
          "schema_version": 2,
          "attributes": {
            "attach": false,
            "bridge": "",
            "capabilities": [],
            "cgroupns_mode": null,
            "command": [
              "/bin/sh",
              "-c",
              "curl -s http://nginx-terraform:80 \u0026\u0026 echo 'Nginx is reachable' || echo 'Nginx is not reachable'; sleep 15"
            ],
            "container_logs": null,
            "container_read_refresh_timeout_milliseconds": 15000,
            "cpu_set": "",
            "cpu_shares": 0,
            "cpus": null,
            "destroy_grace_seconds": null,
            "devices": [],
            "dns": null,
            "dns_opts": null,
            "dns_search": null,
            "domainname": "",
            "entrypoint": [
              "/entrypoint.sh"
            ],
            "env": [],
            "exit_code": null,
            "gpus": null,
            "group_add": null,
            "healthcheck": null,
            "host": [],
            "hostname": "f3d7889d56af",
            "id": "f3d7889d56af99af73d2499ced579b1ff5b638a2283591062f94c03404ccff84",
            "image": "appropriate/curl",
            "init": false,
            "ipc_mode": "private",
            "labels": [],
            "log_driver": "json-file",
            "log_opts": null,
            "logs": false,
            "max_retry_count": 0,
            "memory": 0,
            "memory_swap": 0,
            "mounts": [],
            "must_run": true,
            "name": "client-3",
            "network_data": [
              {
                "gateway": "172.24.0.1",
                "global_ipv6_address": "",
                "global_ipv6_prefix_length": 0,
                "ip_address": "172.24.0.3",
                "ip_prefix_length": 16,
                "ipv6_gateway": "",
                "mac_address": "86:87:06:e0:14:e7",
                "network_name": "my_network"
              }
            ],
            "network_mode": "bridge",
            "networks_advanced": [
              {
                "aliases": [],
                "ipv4_address": "",
                "ipv6_address": "",
                "name": "my_network"
              }
            ],
            "pid_mode": "",
            "ports": [
              {
                "external": 32771,
                "internal": 80,
                "ip": "0.0.0.0",
                "protocol": "tcp"
              }
            ],
            "privileged": false,
            "publish_all_ports": false,
            "read_only": false,
            "remove_volumes": true,
            "restart": "no",
            "rm": false,
            "runtime": "runc",
            "security_opts": [],
            "shm_size": 64,
            "start": true,
            "stdin_open": false,
            "stop_signal": "",
            "stop_timeout": 0,
            "storage_opts": null,
            "sysctls": null,
            "tmpfs": null,
            "tty": false,
            "ulimit": [],
            "upload": [],
            "user": "",
            "userns_mode": "",
            "volumes": [],
            "wait": false,
            "wait_timeout": 60,
            "working_dir": ""
          },
          "sensitive_attributes": [],
          "identity_schema_version": 0,
          "private": "eyJzY2hlbWFfdmVyc2lvbiI6IjIifQ==",
          "dependencies": [
            "docker_container.nginx",
            "docker_image.client",
            "docker_image.nginx",
            "docker_network.private_network"
          ]
        }
      ]
    },
    {
      "mode": "managed",
      "type": "docker_container",
      "name": "nginx",
      "provider": "provider[\"registry.terraform.io/kreuzwerker/docker\"]",
      "instances": [
        {
          "schema_version": 2,
          "attributes": {
            "attach": false,
            "bridge": "",
            "capabilities": [],
            "cgroupns_mode": null,
            "command": [
              "nginx",
              "-g",
              "daemon off;"
            ],
            "container_logs": null,
            "container_read_refresh_timeout_milliseconds": 15000,
            "cpu_set": "",
            "cpu_shares": 0,
            "cpus": null,
            "destroy_grace_seconds": null,
            "devices": [],
            "dns": [],
            "dns_opts": [],
            "dns_search": [],
            "domainname": "",
            "entrypoint": [
              "/docker-entrypoint.sh"
            ],
            "env": [],
            "exit_code": null,
            "gpus": null,
            "group_add": [],
            "healthcheck": [],
            "host": [],
            "hostname": "f6e2232b1d24",
            "id": "f6e2232b1d245feb9144052f5db59de67c927bfc2100bb231d31a0a5e9098a79",
            "image": "sha256:1e5f3c5b981a9f91ca91cf13ce87c2eedfc7a083f4f279552084dd08fc477512",
            "init": false,
            "ipc_mode": "private",
            "labels": [],
            "log_driver": "json-file",
            "log_opts": {},
            "logs": false,
            "max_retry_count": 0,
            "memory": 0,
            "memory_swap": 0,
            "mounts": [],
            "must_run": true,
            "name": "nginx-terraform",
            "network_data": [
              {
                "gateway": "172.24.0.1",
                "global_ipv6_address": "",
                "global_ipv6_prefix_length": 0,
                "ip_address": "172.24.0.2",
                "ip_prefix_length": 16,
                "ipv6_gateway": "",
                "mac_address": "86:29:fb:25:a1:06",
                "network_name": "my_network"
              }
            ],
            "network_mode": "bridge",
            "networks_advanced": [
              {
                "aliases": [],
                "ipv4_address": "",
                "ipv6_address": "",
                "name": "my_network"
              }
            ],
            "pid_mode": "",
            "ports": [
              {
                "external": 8080,
                "internal": 80,
                "ip": "0.0.0.0",
                "protocol": "tcp"
              }
            ],
            "privileged": false,
            "publish_all_ports": false,
            "read_only": false,
            "remove_volumes": true,
            "restart": "no",
            "rm": false,
            "runtime": "runc",
            "security_opts": [],
            "shm_size": 64,
            "start": true,
            "stdin_open": false,
            "stop_signal": "SIGQUIT",
            "stop_timeout": 0,
            "storage_opts": {},
            "sysctls": {},
            "tmpfs": {},
            "tty": false,
            "ulimit": [],
            "upload": [],
            "user": "",
            "userns_mode": "",
            "volumes": [],
            "wait": false,
            "wait_timeout": 60,
            "working_dir": ""
          },
          "sensitive_attributes": [],
          "identity_schema_version": 0,
          "private": "eyJzY2hlbWFfdmVyc2lvbiI6IjIifQ==",
          "dependencies": [
            "docker_image.nginx",
            "docker_network.private_network"
          ]
        }
      ]
    },
    {
      "mode": "managed",
      "type": "docker_image",
      "name": "client",
      "provider": "provider[\"registry.terraform.io/kreuzwerker/docker\"]",
      "instances": [
        {
          "schema_version": 0,
          "attributes": {
            "build": [],
            "force_remove": null,
            "id": "sha256:d37e1f717dc01df3a838955d29a149c569352c0991b1d7cf11b4ebca8c6c7f55appropriate/curl",
            "image_id": "sha256:d37e1f717dc01df3a838955d29a149c569352c0991b1d7cf11b4ebca8c6c7f55",
            "keep_locally": true,
            "name": "appropriate/curl",
            "platform": null,
            "pull_triggers": null,
            "repo_digest": "appropriate/curl@sha256:c8bf5bbec6397465a247c2bb3e589bb77e4f62ff88a027175ecb2d9e4f12c9d7",
            "timeouts": null,
            "triggers": null
          },
          "sensitive_attributes": [],
          "identity_schema_version": 0,
          "private": "eyJlMmJmYjczMC1lY2FhLTExZTYtOGY4OC0zNDM2M2JjN2M0YzAiOnsiY3JlYXRlIjoxMjAwMDAwMDAwMDAwLCJkZWxldGUiOjEyMDAwMDAwMDAwMDAsInVwZGF0ZSI6MTIwMDAwMDAwMDAwMH19"
        }
      ]
    },
    {
      "mode": "managed",
      "type": "docker_image",
      "name": "nginx",
      "provider": "provider[\"registry.terraform.io/kreuzwerker/docker\"]",
      "instances": [
        {
          "schema_version": 0,
          "attributes": {
            "build": [],
            "force_remove": null,
            "id": "sha256:1e5f3c5b981a9f91ca91cf13ce87c2eedfc7a083f4f279552084dd08fc477512nginx:latest",
            "image_id": "sha256:1e5f3c5b981a9f91ca91cf13ce87c2eedfc7a083f4f279552084dd08fc477512",
            "keep_locally": true,
            "name": "nginx:latest",
            "platform": null,
            "pull_triggers": null,
            "repo_digest": "nginx@sha256:6784fb0834aa7dbbe12e3d7471e69c290df3e6ba810dc38b34ae33d3c1c05f7d",
            "timeouts": null,
            "triggers": null
          },
          "sensitive_attributes": [],
          "identity_schema_version": 0,
          "private": "eyJlMmJmYjczMC1lY2FhLTExZTYtOGY4OC0zNDM2M2JjN2M0YzAiOnsiY3JlYXRlIjoxMjAwMDAwMDAwMDAwLCJkZWxldGUiOjEyMDAwMDAwMDAwMDAsInVwZGF0ZSI6MTIwMDAwMDAwMDAwMH19"
        }
      ]
    },
    {
      "mode": "managed",
      "type": "docker_network",
      "name": "private_network",
      "provider": "provider[\"registry.terraform.io/kreuzwerker/docker\"]",
      "instances": [
        {
          "schema_version": 1,
          "attributes": {
            "attachable": false,
            "check_duplicate": null,
            "driver": "bridge",
            "id": "04e701869281f25b25baf6040a0d336eedf0d47f562bf2733bd7c272df97058b",
            "ingress": false,
            "internal": false,
            "ipam_config": [
              {
                "aux_address": {},
                "gateway": "172.24.0.1",
                "ip_range": "",
                "subnet": "172.24.0.0/16"
              }
            ],
            "ipam_driver": "default",
            "ipam_options": {},
            "ipv6": false,
            "labels": [],
            "name": "my_network",
            "options": {
              "com.docker.network.enable_ipv4": "true",
              "com.docker.network.enable_ipv6": "false"
            },
            "scope": "local"
          },
          "sensitive_attributes": [],
          "identity_schema_version": 0,
          "private": "eyJzY2hlbWFfdmVyc2lvbiI6IjEifQ=="
        }
      ]
    }
  ],
  "check_results": [
    {
      "object_kind": "resource",
      "config_addr": "data.http.nginx",
      "status": "unknown",
      "objects": [
        {
          "object_addr": "data.http.nginx",
          "status": "unknown"
        }
      ]
    }
  ]
}
